
Microsoft Visual Studio Solution File, Format Version 12.00
Project("{FAE04EC0-301F-11D3-BF4B-00C04F79EFBC}") = "App", "App\App.csproj", "{A3FD65FF-12B5-48ED-B439-F7195F0E439A}"
EndProject
Project("{FAE04EC0-301F-11D3-BF4B-00C04F79EFBC}") = "App.Tests", "App.Tests\App.Tests.csproj", "{69E5FDD9-5C47-49E6-A675-21504FC4CE6A}"
EndProject
Global
	GlobalSection(SolutionConfigurationPlatforms) = preSolution
		Debug|Any CPU = Debug|Any CPU
		Release|Any CPU = Release|Any CPU
	EndGlobalSection
	GlobalSection(ProjectConfigurationPlatforms) = postSolution
		{A3FD65FF-12B5-48ED-B439-F7195F0E439A}.Debug|Any CPU.ActiveCfg = Debug|Any CPU
		{A3FD65FF-12B5-48ED-B439-F7195F0E439A}.Debug|Any CPU.Build.0 = Debug|Any CPU
		{A3FD65FF-12B5-48ED-B439-F7195F0E439A}.Release|Any CPU.ActiveCfg = Release|Any CPU
		{A3FD65FF-12B5-48ED-B439-F7195F0E439A}.Release|Any CPU.Build.0 = Release|Any CPU
		{69E5FDD9-5C47-49E6-A675-21504FC4CE6A}.Debug|Any CPU.ActiveCfg = Debug|Any CPU
		{69E5FDD9-5C47-49E6-A675-21504FC4CE6A}.Debug|Any CPU.Build.0 = Debug|Any CPU
		{69E5FDD9-5C47-49E6-A675-21504FC4CE6A}.Release|Any CPU.ActiveCfg = Release|Any CPU
		{69E5FDD9-5C47-49E6-A675-21504FC4CE6A}.Release|Any CPU.Build.0 = Release|Any CPU
	EndGlobalSection
EndGlobal
